github.com/davecgh/go-spew v1.1.1 h1:vj9j/u1bqnvCEfJOwUhtlOARqs3+rkHYY13jYWTU97c=
github.com/davecgh/go-spew v1.1.1/go.mod h1:J7Y8YcW2NihsgmVo/mv3lAwl/skON4iLHjSsI+c5H38=
github.com/gorilla/websocket v1.4.0 h1:WDFjx/TMzVgy9VdMMQi2K2Emtwi2QcUQsztZ/zLaH/Q=
github.com/gorilla/websocket v1.4.0/go.mod h1:E7qHFY5m1UJ88s3WnNqhKjPHQ0heANvMoAMk2YaljkQ=
github.com/joho/godotenv v1.3.0 h1:Zjp+RcGpHhGlrMbJzXTrZZPrWj+1vfm90La1wgB6Bhc=
github.com/joho/godotenv v1.3.0/go.mod h1:7hK45KPybAkOC6peb+G5yklZfMxEjkZhHbwpqxOKXbg=
github.com/mitchellh/mapstructure v1.1.2 h1:fmNYVwqnSfB9mZU6OS2O6GsXM+wcskZDuKQzvN1EDeE=
github.com/mitchellh/mapstructure v1.1.2/go.mod h1:FVVH3fgwuzCH5S8UJGiWEs2h04kUh9fWfEaFds41c1Y=
github.com/multiplay/go-ts3 v1.0.0 h1:loxtEFqvYtpoGh1jOqEt6aDzctYuQsi3vb3dMpvWiWw=
github.com/multiplay/go-ts3 v1.0.0/go.mod h1:14S6cS3fLNT3xOytrA/DkRyAFNuQLMLEqOYAsf87IbQ=
github.com/multiplay/go-ts3 v1.0.1-0.20190206183412-78271a6b12b2 h1:aaRDsXIJvN7BzMIQy/TeuR6daqIHc9/J+fiDrZxAgY8=
github.com/multiplay/go-ts3 v1.0.1-0.20190206183412-78271a6b12b2/go.mod h1:14S6cS3fLNT3xOytrA/DkRyAFNuQLMLEqOYAsf87IbQ=
github.com/olahol/melody v0.0.0-20180227134253-7bd65910e5ab h1:2fsluM+sAZRIQtvloPaokkWWjV8strYfmXsDCtZMqt0=
github.com/olahol/melody v0.0.0-20180227134253-7bd65910e5ab/go.mod h1:3lo03f1jM3KFUG/rsujuLB1rBmlvIzVM3SCqbuHqsBU=
github.com/pmezard/go-difflib v1.0.0 h1:4DBwDE0NGyQoBHbLQYPwSUPoCMWR5BEzIk/f1lZbAQM=
github.com/pmezard/go-difflib v1.0.0/go.mod h1:iKH77koFhYxTK1pcRnkKkqfTogsbg7gZNVY4sRDYZ/4=
github.com/stretchr/testify v1.2.2 h1:bSDNvY7ZPG5RlJ8otE/7V6gMiyenm9RtJ7IUVIAoJ1w=
github.com/stretchr/testify v1.2.2/go.mod h1:a8OnRcib4nhh0OaRAV+Yts87kKdq0PP7pXfy6kDkUVs=
golang.org/x/net v0.0.0-20181220203305-927f97764cc3 h1:eH6Eip3UpmR+yM/qI9Ijluzb1bNv/cAU/n+6l8tRSis=
golang.org/x/net v0.0.0-20181220203305-927f97764cc3/go.mod h1:mL1N/T3taQHkDXs73rZJwtUhF3w3ftmwwsq0BUmARs4=
golang.org/x/oauth2 v0.0.0-20181203162652-d668ce993890 h1:uESlIz09WIHT2I+pasSXcpLYqYK8wHcdCetU3VuMBJE=
golang.org/x/oauth2 v0.0.0-20181203162652-d668ce993890/go.mod h1:N/0e6XlmueqKjAGxoOufVs8QHGRruUQn6yWY3a++T0U=
golang.org/x/tools v0.0.0-20190103205943-8a6051197512 h1:cPzUDKmykdmMxTKZILiVfXIbNBgLkSVoG2KcpNQWhu4=
golang.org/x/tools v0.0.0-20190103205943-8a6051197512/go.mod h1:n7NCudcB/nEzxVGmLbDWY5pfWTLqBcC2KZ6jyYvM4mQ=
